
Microsoft Visual Studio Solution File, Format Version 12.00
# Visual Studio Version 16
VisualStudioVersion = 16.0.29102.190
MinimumVisualStudioVersion = 10.0.40219.1
Project("{FAE04EC0-301F-11D3-BF4B-00C04F79EFBC}") = "ExampleTest", "ExampleTest\ExampleTest.csproj", "{19D416A1-CC32-4D90-939A-22FB164B8F93}"
EndProject
Global
	GlobalSection(SolutionConfigurationPlatforms) = preSolution
		Debug|Any CPU = Debug|Any CPU
		Release|Any CPU = Release|Any CPU
	EndGlobalSection
	GlobalSection(ProjectConfigurationPlatforms) = postSolution
		{19D416A1-CC32-4D90-939A-22FB164B8F93}.Debug|Any CPU.ActiveCfg = Debug|Any CPU
		{19D416A1-CC32-4D90-939A-22FB164B8F93}.Debug|Any CPU.Build.0 = Debug|Any CPU
		{19D416A1-CC32-4D90-939A-22FB164B8F93}.Release|Any CPU.ActiveCfg = Release|Any CPU
		{19D416A1-CC32-4D90-939A-22FB164B8F93}.Release|Any CPU.Build.0 = Release|Any CPU
	EndGlobalSection
	GlobalSection(SolutionProperties) = preSolution
		HideSolutionNode = FALSE
	EndGlobalSection
	GlobalSection(ExtensibilityGlobals) = postSolution
		SolutionGuid = {86BA82E5-5503-4311-ADB7-445324067206}
	EndGlobalSection
EndGlobal
